{
  "name": "lgtv",
  "version": "1.0.0",
  "lockfileVersion": 2,
  "requires": true,
  "packages": {
    "": {
      "name": "lgtv",
      "version": "1.0.0",
      "license": "ISC",
      "dependencies": {
        "macfromip": "1.1.1",
        "wake_on_lan": "^1.0.0",
        "ws": "8.10.0"
      }
    },
    "node_modules/macfromip": {
      "version": "1.1.1",
      "resolved": "https://registry.npmjs.org/macfromip/-/macfromip-1.1.1.tgz",
      "integrity": "sha512-+GRa0FI0vRCOlOp6OefKePHe39cXck0/HDL5ZZOsFUb9n+AyWaJO5lMdGe+8GRTQysTQ8xBDom8oroZA2x6Hsg=="
    },
    "node_modules/minimist": {
      "version": "1.2.7",
      "resolved": "https://registry.npmjs.org/minimist/-/minimist-1.2.7.tgz",
      "integrity": "sha512-bzfL1YUZsP41gmu/qjrEk0Q6i2ix/cVeAhbCbqH9u3zYutS1cLg00qhrD0M2MVdCcx4Sc0UpP2eBWo9rotpq6g==",
      "funding": {
        "url": "https://github.com/sponsors/ljharb"
      }
    },
    "node_modules/wake_on_lan": {
      "version": "1.0.0",
      "resolved": "https://registry.npmjs.org/wake_on_lan/-/wake_on_lan-1.0.0.tgz",
      "integrity": "sha512-0QSpxny0QmsssshI6kePj6cobQPK+i8r5shfj58ZfQIUH9fUTyAaYPqZO3W/Ai7mN4vQVdTdsSGIr20M81UL6Q==",
      "dependencies": {
        "minimist": "^1.2.0"
      },
      "bin": {
        "wake": "wake"
      }
    },
    "node_modules/ws": {
      "version": "8.10.0",
      "resolved": "https://registry.npmjs.org/ws/-/ws-8.10.0.tgz",
      "integrity": "sha512-+s49uSmZpvtAsd2h37vIPy1RBusaLawVe8of+GyEPsaJTCMpj/2v8NpeK1SHXjBlQ95lQTmQofOJnFiLoaN3yw==",
      "engines": {
        "node": ">=10.0.0"
      },
      "peerDependencies": {
        "bufferutil": "^4.0.1",
        "utf-8-validate": "^5.0.2"
      },
      "peerDependenciesMeta": {
        "bufferutil": {
          "optional": true
        },
        "utf-8-validate": {
          "optional": true
        }
      }
    }
  },
  "dependencies": {
    "macfromip": {
      "version": "1.1.1",
      "resolved": "https://registry.npmjs.org/macfromip/-/macfromip-1.1.1.tgz",
      "integrity": "sha512-+GRa0FI0vRCOlOp6OefKePHe39cXck0/HDL5ZZOsFUb9n+AyWaJO5lMdGe+8GRTQysTQ8xBDom8oroZA2x6Hsg=="
    },
    "minimist": {
      "version": "1.2.7",
      "resolved": "https://registry.npmjs.org/minimist/-/minimist-1.2.7.tgz",
      "integrity": "sha512-bzfL1YUZsP41gmu/qjrEk0Q6i2ix/cVeAhbCbqH9u3zYutS1cLg00qhrD0M2MVdCcx4Sc0UpP2eBWo9rotpq6g=="
    },
    "wake_on_lan": {
      "version": "1.0.0",
      "resolved": "https://registry.npmjs.org/wake_on_lan/-/wake_on_lan-1.0.0.tgz",
      "integrity": "sha512-0QSpxny0QmsssshI6kePj6cobQPK+i8r5shfj58ZfQIUH9fUTyAaYPqZO3W/Ai7mN4vQVdTdsSGIr20M81UL6Q==",
      "requires": {
        "minimist": "^1.2.0"
      }
    },
    "ws": {
      "version": "8.10.0",
      "resolved": "https://registry.npmjs.org/ws/-/ws-8.10.0.tgz",
      "integrity": "sha512-+s49uSmZpvtAsd2h37vIPy1RBusaLawVe8of+GyEPsaJTCMpj/2v8NpeK1SHXjBlQ95lQTmQofOJnFiLoaN3yw==",
      "requires": {}
    }
  }
}
